# This file is autogenerated, do not edit; changes may be undone by the next 'dep ensure'.


[[projects]]
  branch = "master"
  name = "code.cloudfoundry.org/lager"
  packages = ["."]
  revision = "1a7fb7de44c33d258236e250189099e48a4c7430"

[[projects]]
  name = "github.com/gorilla/context"
  packages = ["."]
  revision = "08b5f424b9271eedf6f9f0ce86cb9396ed337a42"
  version = "v1.1.1"

[[projects]]
  name = "github.com/gorilla/mux"
  packages = ["."]
  revision = "e3702bed27f0d39777b0b37b664b6280e8ef8fbf"
  version = "v1.6.2"

[[projects]]
  branch = "retrievable"
  name = "github.com/pivotal-cf/brokerapi"
  packages = [
    ".",
    "auth"
  ]
  revision = "fa431ac2cea870295c5526eb9303fb4eca1531d4"
  source = "github.com/drnic/brokerapi"

[[projects]]
  name = "github.com/pkg/errors"
  packages = ["."]
  revision = "645ef00459ed84a119197bfb8d8205042c6df63d"
  version = "v0.8.0"

[solve-meta]
  analyzer-name = "dep"
  analyzer-version = 1
  inputs-digest = "6d5669c783e9a06417a1f15c5bd7c3ea3af0b7caeadc0c05af34e37d03467a00"
  solver-name = "gps-cdcl"
  solver-version = 1
